
Microsoft Visual Studio Solution File, Format Version 12.00
# Visual Studio Version 17
VisualStudioVersion = 17.9.34616.47
MinimumVisualStudioVersion = 10.0.40219.1
Project("{FAE04EC0-301F-11D3-BF4B-00C04F79EFBC}") = "openiddict", "openiddict.csproj", "{94D54FA9-04A5-488C-8A56-1141F93E4EAF}"
EndProject
Global
	GlobalSection(SolutionConfigurationPlatforms) = preSolution
		Debug|Any CPU = Debug|Any CPU
		Release|Any CPU = Release|Any CPU
	EndGlobalSection
	GlobalSection(ProjectConfigurationPlatforms) = postSolution
		{94D54FA9-04A5-488C-8A56-1141F93E4EAF}.Debug|Any CPU.ActiveCfg = Debug|Any CPU
		{94D54FA9-04A5-488C-8A56-1141F93E4EAF}.Debug|Any CPU.Build.0 = Debug|Any CPU
		{94D54FA9-04A5-488C-8A56-1141F93E4EAF}.Release|Any CPU.ActiveCfg = Release|Any CPU
		{94D54FA9-04A5-488C-8A56-1141F93E4EAF}.Release|Any CPU.Build.0 = Release|Any CPU
	EndGlobalSection
	GlobalSection(SolutionProperties) = preSolution
		HideSolutionNode = FALSE
	EndGlobalSection
	GlobalSection(ExtensibilityGlobals) = postSolution
		SolutionGuid = {C91F420C-7BEC-497D-815E-E513A98A03E3}
	EndGlobalSection
EndGlobal
